
Microsoft Visual Studio Solution File, Format Version 12.00
# Visual Studio 14
VisualStudioVersion = 14.0.25420.1
MinimumVisualStudioVersion = 10.0.40219.1
Project("{FAE04EC0-301F-11D3-BF4B-00C04F79EFBC}") = "SalesManagement", "SalesManagement\SalesManagement.csproj", "{BBED9EC7-397F-448A-AF15-BE6AD0778CDE}"
EndProject
Project("{FAE04EC0-301F-11D3-BF4B-00C04F79EFBC}") = "Data", "Data\Data.csproj", "{FDA99002-8A23-4749-974B-0ACE2D01EF00}"
EndProject
Project("{FAE04EC0-301F-11D3-BF4B-00C04F79EFBC}") = "Business", "Business\Business.csproj", "{D64FB9A1-A871-4849-81D5-FD14D4F40A3D}"
EndProject
Project("{FAE04EC0-301F-11D3-BF4B-00C04F79EFBC}") = "View", "View\View.csproj", "{F2DB64FF-F989-4EF0-AE39-AC5FB33B2AAF}"
EndProject
Global
	GlobalSection(SolutionConfigurationPlatforms) = preSolution
		Debug|Any CPU = Debug|Any CPU
		Release|Any CPU = Release|Any CPU
	EndGlobalSection
	GlobalSection(ProjectConfigurationPlatforms) = postSolution
		{BBED9EC7-397F-448A-AF15-BE6AD0778CDE}.Debug|Any CPU.ActiveCfg = Debug|Any CPU
		{BBED9EC7-397F-448A-AF15-BE6AD0778CDE}.Debug|Any CPU.Build.0 = Debug|Any CPU
		{BBED9EC7-397F-448A-AF15-BE6AD0778CDE}.Release|Any CPU.ActiveCfg = Release|Any CPU
		{BBED9EC7-397F-448A-AF15-BE6AD0778CDE}.Release|Any CPU.Build.0 = Release|Any CPU
		{FDA99002-8A23-4749-974B-0ACE2D01EF00}.Debug|Any CPU.ActiveCfg = Debug|Any CPU
		{FDA99002-8A23-4749-974B-0ACE2D01EF00}.Debug|Any CPU.Build.0 = Debug|Any CPU
		{FDA99002-8A23-4749-974B-0ACE2D01EF00}.Release|Any CPU.ActiveCfg = Release|Any CPU
		{FDA99002-8A23-4749-974B-0ACE2D01EF00}.Release|Any CPU.Build.0 = Release|Any CPU
		{D64FB9A1-A871-4849-81D5-FD14D4F40A3D}.Debug|Any CPU.ActiveCfg = Debug|Any CPU
		{D64FB9A1-A871-4849-81D5-FD14D4F40A3D}.Debug|Any CPU.Build.0 = Debug|Any CPU
		{D64FB9A1-A871-4849-81D5-FD14D4F40A3D}.Release|Any CPU.ActiveCfg = Release|Any CPU
		{D64FB9A1-A871-4849-81D5-FD14D4F40A3D}.Release|Any CPU.Build.0 = Release|Any CPU
		{F2DB64FF-F989-4EF0-AE39-AC5FB33B2AAF}.Debug|Any CPU.ActiveCfg = Debug|Any CPU
		{F2DB64FF-F989-4EF0-AE39-AC5FB33B2AAF}.Debug|Any CPU.Build.0 = Debug|Any CPU
		{F2DB64FF-F989-4EF0-AE39-AC5FB33B2AAF}.Release|Any CPU.ActiveCfg = Release|Any CPU
		{F2DB64FF-F989-4EF0-AE39-AC5FB33B2AAF}.Release|Any CPU.Build.0 = Release|Any CPU
	EndGlobalSection
	GlobalSection(SolutionProperties) = preSolution
		HideSolutionNode = FALSE
	EndGlobalSection
EndGlobal
